
Microsoft Visual Studio Solution File, Format Version 11.00
# Visual Studio 2010
Project("{B3672514-7503-4B01-B4B4-B44E87061EA2}") = "boojs", "boojs\boojs.booproj", "{18EC5CD9-B3EF-423B-BF50-2A17234F7F3D}"
EndProject
Project("{B3672514-7503-4B01-B4B4-B44E87061EA2}") = "BooJs.Compiler", "BooJs.Compiler\BooJs.Compiler.booproj", "{576D8BA6-B55E-4984-853E-387133D3EC48}"
EndProject
Project("{B3672514-7503-4B01-B4B4-B44E87061EA2}") = "BooJs.Tests", "BooJs.Tests\BooJs.Tests.booproj", "{EF0D7427-0168-48BF-A021-0956B9D1C22A}"
EndProject
Project("{B3672514-7503-4B01-B4B4-B44E87061EA2}") = "BooJs.Lang", "BooJs.Lang\BooJs.Lang.booproj", "{D910050A-F1F8-4773-9E34-8252BBE1CDFE}"
EndProject
Project("{B3672514-7503-4B01-B4B4-B44E87061EA2}") = "BooJs.Lang.Extensions", "BooJs.Lang.Extensions\BooJs.Lang.Extensions.booproj", "{758F8FBF-64E3-41E7-837E-6DA79A42EFDB}"
EndProject
Global
	GlobalSection(SolutionConfigurationPlatforms) = preSolution
		Debug|Any CPU = Debug|Any CPU
		Release|Any CPU = Release|Any CPU
		Debug Net-1.1|Any CPU = Debug Net-1.1|Any CPU
		Micro-Debug|Any CPU = Micro-Debug|Any CPU
		Micro-Release|Any CPU = Micro-Release|Any CPU
	EndGlobalSection
	GlobalSection(ProjectConfigurationPlatforms) = postSolution
		{18EC5CD9-B3EF-423B-BF50-2A17234F7F3D}.Debug|Any CPU.ActiveCfg = Debug|Any CPU
		{18EC5CD9-B3EF-423B-BF50-2A17234F7F3D}.Debug|Any CPU.Build.0 = Debug|Any CPU
		{18EC5CD9-B3EF-423B-BF50-2A17234F7F3D}.Release|Any CPU.ActiveCfg = Release|Any CPU
		{18EC5CD9-B3EF-423B-BF50-2A17234F7F3D}.Release|Any CPU.Build.0 = Release|Any CPU
		{576D8BA6-B55E-4984-853E-387133D3EC48}.Debug|Any CPU.ActiveCfg = Debug|Any CPU
		{576D8BA6-B55E-4984-853E-387133D3EC48}.Debug|Any CPU.Build.0 = Debug|Any CPU
		{576D8BA6-B55E-4984-853E-387133D3EC48}.Release|Any CPU.ActiveCfg = Release|Any CPU
		{576D8BA6-B55E-4984-853E-387133D3EC48}.Release|Any CPU.Build.0 = Release|Any CPU
		{758F8FBF-64E3-41E7-837E-6DA79A42EFDB}.Debug Net-1.1|Any CPU.ActiveCfg = Debug|Any CPU
		{758F8FBF-64E3-41E7-837E-6DA79A42EFDB}.Debug Net-1.1|Any CPU.Build.0 = Debug|Any CPU
		{758F8FBF-64E3-41E7-837E-6DA79A42EFDB}.Debug|Any CPU.ActiveCfg = Debug|Any CPU
		{758F8FBF-64E3-41E7-837E-6DA79A42EFDB}.Debug|Any CPU.Build.0 = Debug|Any CPU
		{758F8FBF-64E3-41E7-837E-6DA79A42EFDB}.Micro-Debug|Any CPU.ActiveCfg = Debug|Any CPU
		{758F8FBF-64E3-41E7-837E-6DA79A42EFDB}.Micro-Debug|Any CPU.Build.0 = Debug|Any CPU
		{758F8FBF-64E3-41E7-837E-6DA79A42EFDB}.Micro-Release|Any CPU.ActiveCfg = Debug|Any CPU
		{758F8FBF-64E3-41E7-837E-6DA79A42EFDB}.Micro-Release|Any CPU.Build.0 = Debug|Any CPU
		{758F8FBF-64E3-41E7-837E-6DA79A42EFDB}.Release|Any CPU.ActiveCfg = Release|Any CPU
		{758F8FBF-64E3-41E7-837E-6DA79A42EFDB}.Release|Any CPU.Build.0 = Release|Any CPU
		{D910050A-F1F8-4773-9E34-8252BBE1CDFE}.Debug|Any CPU.ActiveCfg = Debug|Any CPU
		{D910050A-F1F8-4773-9E34-8252BBE1CDFE}.Debug|Any CPU.Build.0 = Debug|Any CPU
		{D910050A-F1F8-4773-9E34-8252BBE1CDFE}.Release|Any CPU.ActiveCfg = Release|Any CPU
		{D910050A-F1F8-4773-9E34-8252BBE1CDFE}.Release|Any CPU.Build.0 = Release|Any CPU
		{EF0D7427-0168-48BF-A021-0956B9D1C22A}.Debug|Any CPU.ActiveCfg = Debug|Any CPU
		{EF0D7427-0168-48BF-A021-0956B9D1C22A}.Debug|Any CPU.Build.0 = Debug|Any CPU
		{EF0D7427-0168-48BF-A021-0956B9D1C22A}.Release|Any CPU.ActiveCfg = Release|Any CPU
		{EF0D7427-0168-48BF-A021-0956B9D1C22A}.Release|Any CPU.Build.0 = Release|Any CPU
	EndGlobalSection
	GlobalSection(MonoDevelopProperties) = preSolution
		StartupItem = boojs\boojs.booproj
		Policies = $0
		$0.DotNetNamingPolicy = $1
		$1.DirectoryNamespaceAssociation = None
		$1.ResourceNamePolicy = FileFormatDefault
		$0.TextStylePolicy = $2
		$2.inheritsSet = null
		$2.scope = text/x-boo
		$0.TextStylePolicy = $3
		$3.FileWidth = 120
		$3.NoTabsAfterNonTabs = True
		$3.RemoveTrailingWhitespace = True
		$3.EolMarker = Unix
		$3.inheritsSet = VisualStudio
		$3.inheritsScope = text/plain
		$3.scope = text/plain
	EndGlobalSection
EndGlobal
